# Generated by pub
# See https://dart.dev/tools/pub/glossary#lockfile
packages:
  async:
    dependency: transitive
    description:
      name: async
      sha256: bfe67ef28df125b7dddcea62755991f807aa39a2492a23e1550161692950bbe0
      url: "https://pub.dev"
    source: hosted
    version: "2.10.0"
  boolean_selector:
    dependency: transitive
    description:
      name: boolean_selector
      sha256: "6cfb5af12253eaf2b368f07bacc5a80d1301a071c73360d746b7f2e32d762c66"
      url: "https://pub.dev"
    source: hosted
    version: "2.1.1"
  characters:
    dependency: transitive
    description:
      name: characters
      sha256: e6a326c8af69605aec75ed6c187d06b349707a27fbff8222ca9cc2cff167975c
      url: "https://pub.dev"
    source: hosted
    version: "1.2.1"
  charcode:
    dependency: transitive
    description:
      name: charcode
      sha256: fb98c0f6d12c920a02ee2d998da788bca066ca5f148492b7085ee23372b12306
      url: "https://pub.dev"
    source: hosted
    version: "1.3.1"
  clock:
    dependency: transitive
    description:
      name: clock
      sha256: cb6d7f03e1de671e34607e909a7213e31d7752be4fb66a86d29fe1eb14bfb5cf
      url: "https://pub.dev"
    source: hosted
    version: "1.1.1"
  cloud_firestore:
    dependency: "direct dev"
    description:
      name: cloud_firestore
      sha256: a277dbb4b55b72d2af6773d937423f3b6b4a8d60025808fc3174031a7deb0141
      url: "https://pub.dev"
    source: hosted
    version: "2.5.3"
  cloud_firestore_platform_interface:
    dependency: transitive
    description:
      name: cloud_firestore_platform_interface
      sha256: "61d1deb89f8919115c10fbc58c91c6b10de8656eec063f6c0bb9215b0eea4bef"
      url: "https://pub.dev"
    source: hosted
    version: "5.4.2"
  cloud_firestore_web:
    dependency: transitive
    description:
      name: cloud_firestore_web
      sha256: "0593a0876c93ab0150fe66506736b8f624e365c7fa6b3e1935e5fe43dabc7f54"
      url: "https://pub.dev"
    source: hosted
    version: "2.4.3"
  collection:
    dependency: transitive
    description:
      name: collection
      sha256: cfc915e6923fe5ce6e153b0723c753045de46de1b4d63771530504004a45fae0
      url: "https://pub.dev"
    source: hosted
    version: "1.17.0"
  dart_util:
    dependency: "direct dev"
    description:
      path: "."
      ref: "v0.0.13"
      resolved-ref: cfd8b17aa4c9a5c098b0b6aab5b43aad1f2652fd
      url: "https://github.com/vicmoh/dart_util"
    source: git
    version: "0.0.13"
  fake_async:
    dependency: transitive
    description:
      name: fake_async
      sha256: "511392330127add0b769b75a987850d136345d9227c6b94c96a04cf4a391bf78"
      url: "https://pub.dev"
    source: hosted
    version: "1.3.1"
  firebase_auth:
    dependency: "direct dev"
    description:
      name: firebase_auth
      sha256: "3062a2dd4b2b87fb350cfe49b5d1fef70d7d73ed7a7bfcdeeef8a8ac5e5da361"
      url: "https://pub.dev"
    source: hosted
    version: "3.1.3"
  firebase_auth_platform_interface:
    dependency: transitive
    description:
      name: firebase_auth_platform_interface
      sha256: f801e60e9887bc53db9c9884a73c30334a0f1d8f845c10a1e2e19c0e2445a752
      url: "https://pub.dev"
    source: hosted
    version: "6.1.1"
  firebase_auth_web:
    dependency: transitive
    description:
      name: firebase_auth_web
      sha256: "58de914f97907826d372c01f1f53fbd0e9985519eb3cb14bac7285ae87a386b9"
      url: "https://pub.dev"
    source: hosted
    version: "3.1.2"
  firebase_core:
    dependency: "direct dev"
    description:
      name: firebase_core
      sha256: ba32a284c767b232c68d93d19f28513dcdc4449a78497ebf60ae411501d77fdb
      url: "https://pub.dev"
    source: hosted
    version: "1.21.0"
  firebase_core_platform_interface:
    dependency: transitive
    description:
      name: firebase_core_platform_interface
      sha256: a78327f0f2f5e36073427300633c9036c4499f047f178498d08b0345ae7ad5b4
      url: "https://pub.dev"
    source: hosted
    version: "4.5.0"
  firebase_core_web:
    dependency: transitive
    description:
      name: firebase_core_web
      sha256: "12853276fd2f9c1aed6f1e3470e3edf7caa6c9fbc39a2b0438f8986e1f468a41"
      url: "https://pub.dev"
    source: hosted
    version: "1.7.1"
  firebase_database:
    dependency: "direct dev"
    description:
      name: firebase_database
      sha256: "993ec4ef6b0aab691ec5a3d58c9159e732f25bd556cabbd78e314ac6c7370651"
      url: "https://pub.dev"
    source: hosted
    version: "9.1.2"
  firebase_database_platform_interface:
    dependency: transitive
    description:
      name: firebase_database_platform_interface
      sha256: c91a672b2dbadda69909ee037afc42f6f235d20c3f7a67467a095f0904bffff1
      url: "https://pub.dev"
    source: hosted
    version: "0.2.2+2"
  firebase_database_web:
    dependency: transitive
    description:
      name: firebase_database_web
      sha256: "93179e68949e64f940fc21749f614f422ded8742d5912abd73abfaf0aaa3494f"
      url: "https://pub.dev"
    source: hosted
    version: "0.2.1+4"
  firebase_messaging:
    dependency: "direct dev"
    description:
      name: firebase_messaging
      sha256: f9a1c004b35e22133a3e76d8f9fdfff08c588234c77963e00995969556e7e67d
      url: "https://pub.dev"
    source: hosted
    version: "10.0.8"
  firebase_messaging_platform_interface:
    dependency: transitive
    description:
      name: firebase_messaging_platform_interface
      sha256: "22f929f9b69c6b4e97e1bbd1af5266e246121f28821f64c8758d7236e87bb6d3"
      url: "https://pub.dev"
    source: hosted
    version: "3.0.6"
  firebase_messaging_web:
    dependency: transitive
    description:
      name: firebase_messaging_web
      sha256: "0922f6b3e87c400be4b7c5e045e15572061fc01a408ef4637a0385a11116f633"
      url: "https://pub.dev"
    source: hosted
    version: "2.0.6"
  firebase_storage:
    dependency: "direct dev"
    description:
      name: firebase_storage
      sha256: e4bf0c394386d0df5ca5ed16f1286cd750ddc51a97d38dbec92b188d1402b7b7
      url: "https://pub.dev"
    source: hosted
    version: "10.3.6"
  firebase_storage_platform_interface:
    dependency: transitive
    description:
      name: firebase_storage_platform_interface
      sha256: c713cfc7bbcda390fde108177ef56fa37150804d4a3b522e2b75df5a8f93160e
      url: "https://pub.dev"
    source: hosted
    version: "4.1.14"
  firebase_storage_web:
    dependency: transitive
    description:
      name: firebase_storage_web
      sha256: "4493de63f905de44accb3ab0c5e0cb3702af617c97d06bdb4df20c1b407206cd"
      url: "https://pub.dev"
    source: hosted
    version: "3.3.4"
  flutter:
    dependency: "direct main"
    description: flutter
    source: sdk
    version: "0.0.0"
  flutter_test:
    dependency: "direct dev"
    description: flutter
    source: sdk
    version: "0.0.0"
  flutter_web_plugins:
    dependency: transitive
    description: flutter
    source: sdk
    version: "0.0.0"
  get_it:
    dependency: transitive
    description:
      name: get_it
      sha256: "290fde3a86072e4b37dbb03c07bec6126f0ecc28dad403c12ffe2e5a2d751ab7"
      url: "https://pub.dev"
    source: hosted
    version: "7.2.0"
  http:
    dependency: transitive
    description:
      name: http
      sha256: "2ed163531e071c2c6b7c659635112f24cb64ecbebf6af46b550d536c0b1aa112"
      url: "https://pub.dev"
    source: hosted
    version: "0.13.4"
  http_parser:
    dependency: transitive
    description:
      name: http_parser
      sha256: e362d639ba3bc07d5a71faebb98cde68c05bfbcfbbb444b60b6f60bb67719185
      url: "https://pub.dev"
    source: hosted
    version: "4.0.0"
  infinite_scroll_pagination:
    dependency: "direct dev"
    description:
      name: infinite_scroll_pagination
      sha256: eedd3098085c4a70f189615b8e78d9f6484ef92dedcd7762596ca874c21250fc
      url: "https://pub.dev"
    source: hosted
    version: "3.1.0"
  intl:
    dependency: transitive
    description:
      name: intl
      sha256: "910f85bce16fb5c6f614e117efa303e85a1731bb0081edf3604a2ae6e9a3cc91"
      url: "https://pub.dev"
    source: hosted
    version: "0.17.0"
  js:
    dependency: transitive
    description:
      name: js
      sha256: "5528c2f391ededb7775ec1daa69e65a2d61276f7552de2b5f7b8d34ee9fd4ab7"
      url: "https://pub.dev"
    source: hosted
    version: "0.6.5"
  matcher:
    dependency: transitive
    description:
      name: matcher
      sha256: "16db949ceee371e9b99d22f88fa3a73c4e59fd0afed0bd25fc336eb76c198b72"
      url: "https://pub.dev"
    source: hosted
    version: "0.12.13"
  material_color_utilities:
    dependency: transitive
    description:
      name: material_color_utilities
      sha256: d92141dc6fe1dad30722f9aa826c7fbc896d021d792f80678280601aff8cf724
      url: "https://pub.dev"
    source: hosted
    version: "0.2.0"
  meta:
    dependency: transitive
    description:
      name: meta
      sha256: "6c268b42ed578a53088d834796959e4a1814b5e9e164f147f580a386e5decf42"
      url: "https://pub.dev"
    source: hosted
    version: "1.8.0"
  nested:
    dependency: transitive
    description:
      name: nested
      sha256: "03bac4c528c64c95c722ec99280375a6f2fc708eec17c7b3f07253b626cd2a20"
      url: "https://pub.dev"
    source: hosted
    version: "1.0.0"
  path:
    dependency: transitive
    description:
      name: path
      sha256: db9d4f58c908a4ba5953fcee2ae317c94889433e5024c27ce74a37f94267945b
      url: "https://pub.dev"
    source: hosted
    version: "1.8.2"
  plugin_platform_interface:
    dependency: transitive
    description:
      name: plugin_platform_interface
      sha256: f843e0027496f0d841166707029237a0bef39cfc0c79b93b1bb1a10beae73244
      url: "https://pub.dev"
    source: hosted
    version: "2.0.2"
  provider:
    dependency: transitive
    description:
      name: provider
      sha256: dc18c7bddb94a1eb3c3154587d16175a657356c80566712e6cd8ca4825eae112
      url: "https://pub.dev"
    source: hosted
    version: "6.0.1"
  provider_skeleton:
    dependency: "direct dev"
    description:
      path: "."
      ref: "v0.0.24"
      resolved-ref: "0872ea90d28c06eb75b3cd7065acf907a940e5f3"
      url: "https://github.com/vicmoh/provider_skeleton"
    source: git
    version: "0.0.24"
  pull_to_refresh:
    dependency: "direct dev"
    description:
      name: pull_to_refresh
      sha256: bbadd5a931837b57739cf08736bea63167e284e71fb23b218c8c9a6e042aad12
      url: "https://pub.dev"
    source: hosted
    version: "2.0.0"
  sky_engine:
    dependency: transitive
    description: flutter
    source: sdk
    version: "0.0.99"
  sliver_tools:
    dependency: transitive
    description:
      name: sliver_tools
      sha256: "3cd91124fe85af4a2dae1b27447cdb93a1a14eae69cf2fded88684ccabc83e5f"
      url: "https://pub.dev"
    source: hosted
    version: "0.2.5"
  source_span:
    dependency: transitive
    description:
      name: source_span
      sha256: dd904f795d4b4f3b870833847c461801f6750a9fa8e61ea5ac53f9422b31f250
      url: "https://pub.dev"
    source: hosted
    version: "1.9.1"
  stack_trace:
    dependency: transitive
    description:
      name: stack_trace
      sha256: c3c7d8edb15bee7f0f74debd4b9c5f3c2ea86766fe4178eb2a18eb30a0bdaed5
      url: "https://pub.dev"
    source: hosted
    version: "1.11.0"
  stream_channel:
    dependency: transitive
    description:
      name: stream_channel
      sha256: "83615bee9045c1d322bbbd1ba209b7a749c2cbcdcb3fdd1df8eb488b3279c1c8"
      url: "https://pub.dev"
    source: hosted
    version: "2.1.1"
  string_scanner:
    dependency: transitive
    description:
      name: string_scanner
      sha256: "556692adab6cfa87322a115640c11f13cb77b3f076ddcc5d6ae3c20242bedcde"
      url: "https://pub.dev"
    source: hosted
    version: "1.2.0"
  term_glyph:
    dependency: transitive
    description:
      name: term_glyph
      sha256: a29248a84fbb7c79282b40b8c72a1209db169a2e0542bce341da992fe1bc7e84
      url: "https://pub.dev"
    source: hosted
    version: "1.2.1"
  test_api:
    dependency: transitive
    description:
      name: test_api
      sha256: ad540f65f92caa91bf21dfc8ffb8c589d6e4dc0c2267818b4cc2792857706206
      url: "https://pub.dev"
    source: hosted
    version: "0.4.16"
  typed_data:
    dependency: transitive
    description:
      name: typed_data
      sha256: "53bdf7e979cfbf3e28987552fd72f637e63f3c8724c9e56d9246942dc2fa36ee"
      url: "https://pub.dev"
    source: hosted
    version: "1.3.0"
  vector_math:
    dependency: transitive
    description:
      name: vector_math
      sha256: "80b3257d1492ce4d091729e3a67a60407d227c27241d6927be0130c98e741803"
      url: "https://pub.dev"
    source: hosted
    version: "2.1.4"
sdks:
  dart: ">=2.18.0 <3.0.0"
  flutter: ">=2.0.0"
